Microsoft Visual Studio Solution File, Format Version 12.00
# Visual Studio Version 17
VisualStudioVersion = 17.5.2.0
MinimumVisualStudioVersion = 10.0.40219.1
Project("{FAE04EC0-301F-11D3-BF4B-00C04F79EFBC}") = "App Examples\Console App\01.HelloWorld", "App Examples\Console App\01.HelloWorld\01.HelloWorld.csproj", "{A1139375-65F3-FA0B-2980-327C613FEBBA}"
EndProject
Global
	GlobalSection(SolutionConfigurationPlatforms) = preSolution
		Debug|Any CPU = Debug|Any CPU
		Release|Any CPU = Release|Any CPU
	EndGlobalSection
	GlobalSection(ProjectConfigurationPlatforms) = postSolution
		{A1139375-65F3-FA0B-2980-327C613FEBBA}.Debug|Any CPU.ActiveCfg = Debug|Any CPU
		{A1139375-65F3-FA0B-2980-327C613FEBBA}.Debug|Any CPU.Build.0 = Debug|Any CPU
		{A1139375-65F3-FA0B-2980-327C613FEBBA}.Release|Any CPU.ActiveCfg = Release|Any CPU
		{A1139375-65F3-FA0B-2980-327C613FEBBA}.Release|Any CPU.Build.0 = Release|Any CPU
	EndGlobalSection
	GlobalSection(SolutionProperties) = preSolution
		HideSolutionNode = FALSE
	EndGlobalSection
	GlobalSection(ExtensibilityGlobals) = postSolution
		SolutionGuid = {6205EA74-3651-4B6F-9395-19D1880C4E61}
	EndGlobalSection
EndGlobal
